// !$*UTF8*$!
{
	archiveVersion = 1;
	classes = {
	};
	objectVersion = 50;
	objects = {

/* Begin PBXBuildFile section */
		D87554E125D60E690091780F /* AppDelegate.swift in Sources */ = {isa = PBXBuildFile; fileRef = D87554E025D60E690091780F /* AppDelegate.swift */; };
		D87554E325D60E690091780F /* SceneDelegate.swift in Sources */ = {isa = PBXBuildFile; fileRef = D87554E225D60E690091780F /* SceneDelegate.swift */; };
		D87554E525D60E690091780F /* ViewController.swift in Sources */ = {isa = PBXBuildFile; fileRef = D87554E425D60E690091780F /* ViewController.swift */; };
		D87554E825D60E690091780F /* Main.storyboard in Resources */ = {isa = PBXBuildFile; fileRef = D87554E625D60E690091780F /* Main.storyboard */; };
		D87554EA25D60E6F0091780F /* Assets.xcassets in Resources */ = {isa = PBXBuildFile; fileRef = D87554E925D60E6F0091780F /* Assets.xcassets */; };
		D87554ED25D60E6F0091780F /* LaunchScreen.storyboard in Resources */ = {isa = PBXBuildFile; fileRef = D87554EB25D60E6F0091780F /* LaunchScreen.storyboard */; };
		D87554F825D60E6F0091780F /* NetworkTestTests.swift in Sources */ = {isa = PBXBuildFile; fileRef = D87554F725D60E6F0091780F /* NetworkTestTests.swift */; };
		D875550325D60E900091780F /* NetworkManager.swift in Sources */ = {isa = PBXBuildFile; fileRef = D875550225D60E900091780F /* NetworkManager.swift */; };
/* End PBXBuildFile section */

/* Begin PBXContainerItemProxy section */
		D87554F425D60E6F0091780F /* PBXContainerItemProxy */ = {
			isa = PBXContainerItemProxy;
			containerPortal = D87554D525D60E690091780F /* Project object */;
			proxyType = 1;
			remoteGlobalIDString = D87554DC25D60E690091780F;
			remoteInfo = NetworkTest;
		};
/* End PBXContainerItemProxy section */

/* Begin PBXFileReference section */
		D87554DD25D60E690091780F /* NetworkTest.app */ = {isa = PBXFileReference; explicitFileType = wrapper.application; includeInIndex = 0; path = NetworkTest.app; sourceTree = BUILT_PRODUCTS_DIR; };
		D87554E025D60E690091780F /* AppDelegate.swift */ = {isa = PBXFileReference; lastKnownFileType = sourcecode.swift; path = AppDelegate.swift; sourceTree = "<group>"; };
		D87554E225D60E690091780F /* SceneDelegate.swift */ = {isa = PBXFileReference; lastKnownFileType = sourcecode.swift; path = SceneDelegate.swift; sourceTree = "<group>"; };
		D87554E425D60E690091780F /* ViewController.swift */ = {isa = PBXFileReference; lastKnownFileType = sourcecode.swift; path = ViewController.swift; sourceTree = "<group>"; };
		D87554E725D60E690091780F /* Base */ = {isa = PBXFileReference; lastKnownFileType = file.storyboard; name = Base; path = Base.lproj/Main.storyboard; sourceTree = "<group>"; };
		D87554E925D60E6F0091780F /* Assets.xcassets */ = {isa = PBXFileReference; lastKnownFileType = folder.assetcatalog; path = Assets.xcassets; sourceTree = "<group>"; };
		D87554EC25D60E6F0091780F /* Base */ = {isa = PBXFileReference; lastKnownFileType = file.storyboard; name = Base; path = Base.lproj/LaunchScreen.storyboard; sourceTree = "<group>"; };
		D87554EE25D60E6F0091780F /* Info.plist */ = {isa = PBXFileReference; lastKnownFileType = text.plist.xml; path = Info.plist; sourceTree = "<group>"; };
		D87554F325D60E6F0091780F /* NetworkTestTests.xctest */ = {isa = PBXFileReference; explicitFileType = wrapper.cfbundle; includeInIndex = 0; path = NetworkTestTests.xctest; sourceTree = BUILT_PRODUCTS_DIR; };
		D87554F725D60E6F0091780F /* NetworkTestTests.swift */ = {isa = PBXFileReference; lastKnownFileType = sourcecode.swift; path = NetworkTestTests.swift; sourceTree = "<group>"; };
		D87554F925D60E6F0091780F /* Info.plist */ = {isa = PBXFileReference; lastKnownFileType = text.plist.xml; path = Info.plist; sourceTree = "<group>"; };
		D875550225D60E900091780F /* NetworkManager.swift */ = {isa = PBXFileReference; lastKnownFileType = sourcecode.swift; path = NetworkManager.swift; sourceTree = "<group>"; };
/* End PBXFileReference section */

/* Begin PBXFrameworksBuildPhase section */
		D87554DA25D60E690091780F /* Frameworks */ = {
			isa = PBXFrameworksBuildPhase;
			buildActionMask = 2147483647;
			files = (
			);
			runOnlyForDeploymentPostprocessing = 0;
		};
		D87554F025D60E6F0091780F /* Frameworks */ = {
			isa = PBXFrameworksBuildPhase;
			buildActionMask = 2147483647;
			files = (
			);
			runOnlyForDeploymentPostprocessing = 0;
		};
/* End PBXFrameworksBuildPhase section */

/* Begin PBXGroup section */
		D87554D425D60E690091780F = {
			isa = PBXGroup;
			children = (
				D87554DF25D60E690091780F /* NetworkTest */,
				D87554F625D60E6F0091780F /* NetworkTestTests */,
				D87554DE25D60E690091780F /* Products */,
			);
			sourceTree = "<group>";
		};
		D87554DE25D60E690091780F /* Products */ = {
			isa = PBXGroup;
			children = (
				D87554DD25D60E690091780F /* NetworkTest.app */,
				D87554F325D60E6F0091780F /* NetworkTestTests.xctest */,
			);
			name = Products;
			sourceTree = "<group>";
		};
		D87554DF25D60E690091780F /* NetworkTest */ = {
			isa = PBXGroup;
			children = (
				D87554E025D60E690091780F /* AppDelegate.swift */,
				D87554E225D60E690091780F /* SceneDelegate.swift */,
				D875550225D60E900091780F /* NetworkManager.swift */,
				D87554E425D60E690091780F /* ViewController.swift */,
				D87554E625D60E690091780F /* Main.storyboard */,
				D87554E925D60E6F0091780F /* Assets.xcassets */,
				D87554EB25D60E6F0091780F /* LaunchScreen.storyboard */,
				D87554EE25D60E6F0091780F /* Info.plist */,
			);
			path = NetworkTest;
			sourceTree = "<group>";
		};
		D87554F625D60E6F0091780F /* NetworkTestTests */ = {
			isa = PBXGroup;
			children = (
				D87554F725D60E6F0091780F /* NetworkTestTests.swift */,
				D87554F925D60E6F0091780F /* Info.plist */,
			);
			path = NetworkTestTests;
			sourceTree = "<group>";
		};
/* End PBXGroup section */

/* Begin PBXNativeTarget section */
		D87554DC25D60E690091780F /* NetworkTest */ = {
			isa = PBXNativeTarget;
			buildConfigurationList = D87554FC25D60E6F0091780F /* Build configuration list for PBXNativeTarget "NetworkTest" */;
			buildPhases = (
				D87554D925D60E690091780F /* Sources */,
				D87554DA25D60E690091780F /* Frameworks */,
				D87554DB25D60E690091780F /* Resources */,
			);
			buildRules = (
			);
			dependencies = (
			);
			name = NetworkTest;
			productName = NetworkTest;
			productReference = D87554DD25D60E690091780F /* NetworkTest.app */;
			productType = "com.apple.product-type.application";
		};
		D87554F225D60E6F0091780F /* NetworkTestTests */ = {
			isa = PBXNativeTarget;
			buildConfigurationList = D87554FF25D60E6F0091780F /* Build configuration list for PBXNativeTarget "NetworkTestTests" */;
			buildPhases = (
				D87554EF25D60E6F0091780F /* Sources */,
				D87554F025D60E6F0091780F /* Frameworks */,
				D87554F125D60E6F0091780F /* Resources */,
			);
			buildRules = (
			);
			dependencies = (
				D87554F525D60E6F0091780F /* PBXTargetDependency */,
			);
			name = NetworkTestTests;
			productName = NetworkTestTests;
			productReference = D87554F325D60E6F0091780F /* NetworkTestTests.xctest */;
			productType = "com.apple.product-type.bundle.unit-test";
		};
/* End PBXNativeTarget section */

/* Begin PBXProject section */
		D87554D525D60E690091780F /* Project object */ = {
			isa = PBXProject;
			attributes = {
				LastSwiftUpdateCheck = 1150;
				LastUpgradeCheck = 1150;
				ORGANIZATIONNAME = HighScoreApps;
				TargetAttributes = {
					D87554DC25D60E690091780F = {
						CreatedOnToolsVersion = 11.5;
					};
					D87554F225D60E6F0091780F = {
						CreatedOnToolsVersion = 11.5;
						TestTargetID = D87554DC25D60E690091780F;
					};
				};
			};
			buildConfigurationList = D87554D825D60E690091780F /* Build configuration list for PBXProject "NetworkTest" */;
			compatibilityVersion = "Xcode 9.3";
			developmentRegion = en;
			hasScannedForEncodings = 0;
			knownRegions = (
				en,
				Base,
			);
			mainGroup = D87554D425D60E690091780F;
			productRefGroup = D87554DE25D60E690091780F /* Products */;
			projectDirPath = "";
			projectRoot = "";
			targets = (
				D87554DC25D60E690091780F /* NetworkTest */,
				D87554F225D60E6F0091780F /* NetworkTestTests */,
			);
		};
/* End PBXProject section */

/* Begin PBXResourcesBuildPhase section */
		D87554DB25D60E690091780F /* Resources */ = {
			isa = PBXResourcesBuildPhase;
			buildActionMask = 2147483647;
			files = (
				D87554ED25D60E6F0091780F /* LaunchScreen.storyboard in Resources */,
				D87554EA25D60E6F0091780F /* Assets.xcassets in Resources */,
				D87554E825D60E690091780F /* Main.storyboard in Resources */,
			);
			runOnlyForDeploymentPostprocessing = 0;
		};
		D87554F125D60E6F0091780F /* Resources */ = {
			isa = PBXResourcesBuildPhase;
			buildActionMask = 2147483647;
			files = (
			);
			runOnlyForDeploymentPostprocessing = 0;
		};
/* End PBXResourcesBuildPhase section */

/* Begin PBXSourcesBuildPhase section */
		D87554D925D60E690091780F /* Sources */ = {
			isa = PBXSourcesBuildPhase;
			buildActionMask = 2147483647;
			files = (
				D875550325D60E900091780F /* NetworkManager.swift in Sources */,
				D87554E525D60E690091780F /* ViewController.swift in Sources */,
				D87554E125D60E690091780F /* AppDelegate.swift in Sources */,
				D87554E325D60E690091780F /* SceneDelegate.swift in Sources */,
			);
			runOnlyForDeploymentPostprocessing = 0;
		};
		D87554EF25D60E6F0091780F /* Sources */ = {
			isa = PBXSourcesBuildPhase;
			buildActionMask = 2147483647;
			files = (
				D87554F825D60E6F0091780F /* NetworkTestTests.swift in Sources */,
			);
			runOnlyForDeploymentPostprocessing = 0;
		};
/* End PBXSourcesBuildPhase section */

/* Begin PBXTargetDependency section */
		D87554F525D60E6F0091780F /* PBXTargetDependency */ = {
			isa = PBXTargetDependency;
			target = D87554DC25D60E690091780F /* NetworkTest */;
			targetProxy = D87554F425D60E6F0091780F /* PBXContainerItemProxy */;
		};
/* End PBXTargetDependency section */

/* Begin PBXVariantGroup section */
		D87554E625D60E690091780F /* Main.storyboard */ = {
			isa = PBXVariantGroup;
			children = (
				D87554E725D60E690091780F /* Base */,
			);
			name = Main.storyboard;
			sourceTree = "<group>";
		};
		D87554EB25D60E6F0091780F /* LaunchScreen.storyboard */ = {
			isa = PBXVariantGroup;
			children = (
				D87554EC25D60E6F0091780F /* Base */,
			);
			name = LaunchScreen.storyboard;
			sourceTree = "<group>";
		};
/* End PBXVariantGroup section */

/* Begin XCBuildConfiguration section */
		D87554FA25D60E6F0091780F /* Debug */ = {
			isa = XCBuildConfiguration;
			buildSettings = {
				ALWAYS_SEARCH_USER_PATHS = NO;
				CLANG_ANALYZER_NONNULL = YES;
				CLANG_ANALYZER_NUMBER_OBJECT_CONVERSION = YES_AGGRESSIVE;
				CLANG_CXX_LANGUAGE_STANDARD = "gnu++14";
				CLANG_CXX_LIBRARY = "libc++";
				CLANG_ENABLE_MODULES = YES;
				CLANG_ENABLE_OBJC_ARC = YES;
				CLANG_ENABLE_OBJC_WEAK = YES;
				CLANG_WARN_BLOCK_CAPTURE_AUTORELEASING = YES;
				CLANG_WARN_BOOL_CONVERSION = YES;
				CLANG_WARN_COMMA = YES;
				CLANG_WARN_CONSTANT_CONVERSION = YES;
				CLANG_WARN_DEPRECATED_OBJC_IMPLEMENTATIONS = YES;
				CLANG_WARN_DIRECT_OBJC_ISA_USAGE = YES_ERROR;
				CLANG_WARN_DOCUMENTATION_COMMENTS = YES;
				CLANG_WARN_EMPTY_BODY = YES;
				CLANG_WARN_ENUM_CONVERSION = YES;
				CLANG_WARN_INFINITE_RECURSION = YES;
				CLANG_WARN_INT_CONVERSION = YES;
				CLANG_WARN_NON_LITERAL_NULL_CONVERSION = YES;
				CLANG_WARN_OBJC_IMPLICIT_RETAIN_SELF = YES;
				CLANG_WARN_OBJC_LITERAL_CONVERSION = YES;
				CLANG_WARN_OBJC_ROOT_CLASS = YES_ERROR;
				CLANG_WARN_RANGE_LOOP_ANALYSIS = YES;
				CLANG_WARN_STRICT_PROTOTYPES = YES;
				CLANG_WARN_SUSPICIOUS_MOVE = YES;
				CLANG_WARN_UNGUARDED_AVAILABILITY = YES_AGGRESSIVE;
				CLANG_WARN_UNREACHABLE_CODE = YES;
				CLANG_WARN__DUPLICATE_METHOD_MATCH = YES;
				COPY_PHASE_STRIP = NO;
				DEBUG_INFORMATION_FORMAT = dwarf;
				ENABLE_STRICT_OBJC_MSGSEND = YES;
				ENABLE_TESTABILITY = YES;
				GCC_C_LANGUAGE_STANDARD = gnu11;
				GCC_DYNAMIC_NO_PIC = NO;
				GCC_NO_COMMON_BLOCKS = YES;
				GCC_OPTIMIZATION_LEVEL = 0;
				GCC_PREPROCESSOR_DEFINITIONS = (
					"DEBUG=1",
					"$(inherited)",
				);
				GCC_WARN_64_TO_32_BIT_CONVERSION = YES;
				GCC_WARN_ABOUT_RETURN_TYPE = YES_ERROR;
				GCC_WARN_UNDECLARED_SELECTOR = YES;
				GCC_WARN_UNINITIALIZED_AUTOS = YES_AGGRESSIVE;
				GCC_WARN_UNUSED_FUNCTION = YES;
				GCC_WARN_UNUSED_VARIABLE = YES;
				IPHONEOS_DEPLOYMENT_TARGET = 13.5;
				MTL_ENABLE_DEBUG_INFO = INCLUDE_SOURCE;
				MTL_FAST_MATH = YES;
				ONLY_ACTIVE_ARCH = YES;
				SDKROOT = iphoneos;
				SWIFT_ACTIVE_COMPILATION_CONDITIONS = DEBUG;
				SWIFT_OPTIMIZATION_LEVEL = "-Onone";
			};
			name = Debug;
		};
		D87554FB25D60E6F0091780F /* Release */ = {
			isa = XCBuildConfiguration;
			buildSettings = {
				ALWAYS_SEARCH_USER_PATHS = NO;
				CLANG_ANALYZER_NONNULL = YES;
				CLANG_ANALYZER_NUMBER_OBJECT_CONVERSION = YES_AGGRESSIVE;
				CLANG_CXX_LANGUAGE_STANDARD = "gnu++14";
				CLANG_CXX_LIBRARY = "libc++";
				CLANG_ENABLE_MODULES = YES;
				CLANG_ENABLE_OBJC_ARC = YES;
				CLANG_ENABLE_OBJC_WEAK = YES;
				CLANG_WARN_BLOCK_CAPTURE_AUTORELEASING = YES;
				CLANG_WARN_BOOL_CONVERSION = YES;
				CLANG_WARN_COMMA = YES;
				CLANG_WARN_CONSTANT_CONVERSION = YES;
				CLANG_WARN_DEPRECATED_OBJC_IMPLEMENTATIONS = YES;
				CLANG_WARN_DIRECT_OBJC_ISA_USAGE = YES_ERROR;
				CLANG_WARN_DOCUMENTATION_COMMENTS = YES;
				CLANG_WARN_EMPTY_BODY = YES;
				CLANG_WARN_ENUM_CONVERSION = YES;
				CLANG_WARN_INFINITE_RECURSION = YES;
				CLANG_WARN_INT_CONVERSION = YES;
				CLANG_WARN_NON_LITERAL_NULL_CONVERSION = YES;
				CLANG_WARN_OBJC_IMPLICIT_RETAIN_SELF = YES;
				CLANG_WARN_OBJC_LITERAL_CONVERSION = YES;
				CLANG_WARN_OBJC_ROOT_CLASS = YES_ERROR;
				CLANG_WARN_RANGE_LOOP_ANALYSIS = YES;
				CLANG_WARN_STRICT_PROTOTYPES = YES;
				CLANG_WARN_SUSPICIOUS_MOVE = YES;
				CLANG_WARN_UNGUARDED_AVAILABILITY = YES_AGGRESSIVE;
				CLANG_WARN_UNREACHABLE_CODE = YES;
				CLANG_WARN__DUPLICATE_METHOD_MATCH = YES;
				COPY_PHASE_STRIP = NO;
				DEBUG_INFORMATION_FORMAT = "dwarf-with-dsym";
				ENABLE_NS_ASSERTIONS = NO;
				ENABLE_STRICT_OBJC_MSGSEND = YES;
				GCC_C_LANGUAGE_STANDARD = gnu11;
				GCC_NO_COMMON_BLOCKS = YES;
				GCC_WARN_64_TO_32_BIT_CONVERSION = YES;
				GCC_WARN_ABOUT_RETURN_TYPE = YES_ERROR;
				GCC_WARN_UNDECLARED_SELECTOR = YES;
				GCC_WARN_UNINITIALIZED_AUTOS = YES_AGGRESSIVE;
				GCC_WARN_UNUSED_FUNCTION = YES;
				GCC_WARN_UNUSED_VARIABLE = YES;
				IPHONEOS_DEPLOYMENT_TARGET = 13.5;
				MTL_ENABLE_DEBUG_INFO = NO;
				MTL_FAST_MATH = YES;
				SDKROOT = iphoneos;
				SWIFT_COMPILATION_MODE = wholemodule;
				SWIFT_OPTIMIZATION_LEVEL = "-O";
				VALIDATE_PRODUCT = YES;
			};
			name = Release;
		};
		D87554FD25D60E6F0091780F /* Debug */ = {
			isa = XCBuildConfiguration;
			buildSettings = {
				ASSETCATALOG_COMPILER_APPICON_NAME = AppIcon;
				CODE_SIGN_STYLE = Automatic;
				INFOPLIST_FILE = NetworkTest/Info.plist;
				LD_RUNPATH_SEARCH_PATHS = (
					"$(inherited)",
					"@executable_path/Frameworks",
				);
				PRODUCT_BUNDLE_IDENTIFIER = highscoreapps.com.NetworkTest;
				PRODUCT_NAME = "$(TARGET_NAME)";
				SWIFT_VERSION = 5.0;
				TARGETED_DEVICE_FAMILY = "1,2";
			};
			name = Debug;
		};
		D87554FE25D60E6F0091780F /* Release */ = {
			isa = XCBuildConfiguration;
			buildSettings = {
				ASSETCATALOG_COMPILER_APPICON_NAME = AppIcon;
				CODE_SIGN_STYLE = Automatic;
				INFOPLIST_FILE = NetworkTest/Info.plist;
				LD_RUNPATH_SEARCH_PATHS = (
					"$(inherited)",
					"@executable_path/Frameworks",
				);
				PRODUCT_BUNDLE_IDENTIFIER = highscoreapps.com.NetworkTest;
				PRODUCT_NAME = "$(TARGET_NAME)";
				SWIFT_VERSION = 5.0;
				TARGETED_DEVICE_FAMILY = "1,2";
			};
			name = Release;
		};
		D875550025D60E6F0091780F /* Debug */ = {
			isa = XCBuildConfiguration;
			buildSettings = {
				ALWAYS_EMBED_SWIFT_STANDARD_LIBRARIES = YES;
				BUNDLE_LOADER = "$(TEST_HOST)";
				CODE_SIGN_STYLE = Automatic;
				INFOPLIST_FILE = NetworkTestTests/Info.plist;
				IPHONEOS_DEPLOYMENT_TARGET = 13.5;
				LD_RUNPATH_SEARCH_PATHS = (
					"$(inherited)",
					"@executable_path/Frameworks",
					"@loader_path/Frameworks",
				);
				PRODUCT_BUNDLE_IDENTIFIER = highscoreapps.com.NetworkTestTests;
				PRODUCT_NAME = "$(TARGET_NAME)";
				SWIFT_VERSION = 5.0;
				TARGETED_DEVICE_FAMILY = "1,2";
				TEST_HOST = "$(BUILT_PRODUCTS_DIR)/NetworkTest.app/NetworkTest";
			};
			name = Debug;
		};
		D875550125D60E6F0091780F /* Release */ = {
			isa = XCBuildConfiguration;
			buildSettings = {
				ALWAYS_EMBED_SWIFT_STANDARD_LIBRARIES = YES;
				BUNDLE_LOADER = "$(TEST_HOST)";
				CODE_SIGN_STYLE = Automatic;
				INFOPLIST_FILE = NetworkTestTests/Info.plist;
				IPHONEOS_DEPLOYMENT_TARGET = 13.5;
				LD_RUNPATH_SEARCH_PATHS = (
					"$(inherited)",
					"@executable_path/Frameworks",
					"@loader_path/Frameworks",
				);
				PRODUCT_BUNDLE_IDENTIFIER = highscoreapps.com.NetworkTestTests;
				PRODUCT_NAME = "$(TARGET_NAME)";
				SWIFT_VERSION = 5.0;
				TARGETED_DEVICE_FAMILY = "1,2";
				TEST_HOST = "$(BUILT_PRODUCTS_DIR)/NetworkTest.app/NetworkTest";
			};
			name = Release;
		};
/* End XCBuildConfiguration section */

/* Begin XCConfigurationList section */
		D87554D825D60E690091780F /* Build configuration list for PBXProject "NetworkTest" */ = {
			isa = XCConfigurationList;
			buildConfigurations = (
				D87554FA25D60E6F0091780F /* Debug */,
				D87554FB25D60E6F0091780F /* Release */,
			);
			defaultConfigurationIsVisible = 0;
			defaultConfigurationName = Release;
		};
		D87554FC25D60E6F0091780F /* Build configuration list for PBXNativeTarget "NetworkTest" */ = {
			isa = XCConfigurationList;
			buildConfigurations = (
				D87554FD25D60E6F0091780F /* Debug */,
				D87554FE25D60E6F0091780F /* Release */,
			);
			defaultConfigurationIsVisible = 0;
			defaultConfigurationName = Release;
		};
		D87554FF25D60E6F0091780F /* Build configuration list for PBXNativeTarget "NetworkTestTests" */ = {
			isa = XCConfigurationList;
			buildConfigurations = (
				D875550025D60E6F0091780F /* Debug */,
				D875550125D60E6F0091780F /* Release */,
			);
			defaultConfigurationIsVisible = 0;
			defaultConfigurationName = Release;
		};
/* End XCConfigurationList section */
	};
	rootObject = D87554D525D60E690091780F /* Project object */;
}
